// !$*UTF8*$!
{
	archiveVersion = 1;
	classes = {
	};
	objectVersion = 46;
	objects = {

/* Begin PBXBuildFile section */
		E9BB1FB11E5A0BF000F1F319 /* AppDelegate.swift in Sources */ = {isa = PBXBuildFile; fileRef = E9BB1FB01E5A0BF000F1F319 /* AppDelegate.swift */; };
		E9BB1FB31E5A0BF000F1F319 /* ViewController.swift in Sources */ = {isa = PBXBuildFile; fileRef = E9BB1FB21E5A0BF000F1F319 /* ViewController.swift */; };
		E9BB1FB61E5A0BF200F1F319 /* Main.storyboard in Resources */ = {isa = PBXBuildFile; fileRef = E9BB1FB41E5A0BF200F1F319 /* Main.storyboard */; };
		E9BB1FB81E5A0BF500F1F319 /* Assets.xcassets in Resources */ = {isa = PBXBuildFile; fileRef = E9BB1FB71E5A0BF500F1F319 /* Assets.xcassets */; };
		E9BB1FBB1E5A0BF500F1F319 /* LaunchScreen.storyboard in Resources */ = {isa = PBXBuildFile; fileRef = E9BB1FB91E5A0BF500F1F319 /* LaunchScreen.storyboard */; };
		E9BB1FC61E5A0BFB00F1F319 /* FirstAppTests.swift in Sources */ = {isa = PBXBuildFile; fileRef = E9BB1FC51E5A0BFB00F1F319 /* FirstAppTests.swift */; };
		E9BB1FD11E5A0BFB00F1F319 /* FirstAppUITests.swift in Sources */ = {isa = PBXBuildFile; fileRef = E9BB1FD01E5A0BFB00F1F319 /* FirstAppUITests.swift */; };
/* End PBXBuildFile section */

/* Begin PBXContainerItemProxy section */
		E9BB1FC21E5A0BFA00F1F319 /* PBXContainerItemProxy */ = {
			isa = PBXContainerItemProxy;
			containerPortal = E9BB1FA51E5A0BCF00F1F319 /* Project object */;
			proxyType = 1;
			remoteGlobalIDString = E9BB1FAC1E5A0BD500F1F319;
			remoteInfo = FirstApp;
		};
		E9BB1FCD1E5A0BFB00F1F319 /* PBXContainerItemProxy */ = {
			isa = PBXContainerItemProxy;
			containerPortal = E9BB1FA51E5A0BCF00F1F319 /* Project object */;
			proxyType = 1;
			remoteGlobalIDString = E9BB1FAC1E5A0BD500F1F319;
			remoteInfo = FirstApp;
		};
/* End PBXContainerItemProxy section */

/* Begin PBXFileReference section */
		E9BB1FAD1E5A0BEF00F1F319 /* FirstApp.app */ = {isa = PBXFileReference; explicitFileType = wrapper.application; includeInIndex = 0; path = FirstApp.app; sourceTree = BUILT_PRODUCTS_DIR; };
		E9BB1FB01E5A0BF000F1F319 /* AppDelegate.swift */ = {isa = PBXFileReference; lastKnownFileType = sourcecode.swift; path = AppDelegate.swift; sourceTree = "<group>"; };
		E9BB1FB21E5A0BF000F1F319 /* ViewController.swift */ = {isa = PBXFileReference; lastKnownFileType = sourcecode.swift; path = ViewController.swift; sourceTree = "<group>"; };
		E9BB1FB51E5A0BF200F1F319 /* Base */ = {isa = PBXFileReference; lastKnownFileType = file.storyboard; name = Base; path = Base.lproj/Main.storyboard; sourceTree = "<group>"; };
		E9BB1FB71E5A0BF500F1F319 /* Assets.xcassets */ = {isa = PBXFileReference; lastKnownFileType = folder.assetcatalog; path = Assets.xcassets; sourceTree = "<group>"; };
		E9BB1FBA1E5A0BF500F1F319 /* Base */ = {isa = PBXFileReference; lastKnownFileType = file.storyboard; name = Base; path = Base.lproj/LaunchScreen.storyboard; sourceTree = "<group>"; };
		E9BB1FBC1E5A0BF600F1F319 /* Info.plist */ = {isa = PBXFileReference; lastKnownFileType = text.plist.xml; path = Info.plist; sourceTree = "<group>"; };
		E9BB1FC11E5A0BFA00F1F319 /* FirstAppTests.xctest */ = {isa = PBXFileReference; explicitFileType = wrapper.cfbundle; includeInIndex = 0; path = FirstAppTests.xctest; sourceTree = BUILT_PRODUCTS_DIR; };
		E9BB1FC51E5A0BFB00F1F319 /* FirstAppTests.swift */ = {isa = PBXFileReference; lastKnownFileType = sourcecode.swift; path = FirstAppTests.swift; sourceTree = "<group>"; };
		E9BB1FC71E5A0BFB00F1F319 /* Info.plist */ = {isa = PBXFileReference; lastKnownFileType = text.plist.xml; path = Info.plist; sourceTree = "<group>"; };
		E9BB1FCC1E5A0BFB00F1F319 /* FirstAppUITests.xctest */ = {isa = PBXFileReference; explicitFileType = wrapper.cfbundle; includeInIndex = 0; path = FirstAppUITests.xctest; sourceTree = BUILT_PRODUCTS_DIR; };
		E9BB1FD01E5A0BFB00F1F319 /* FirstAppUITests.swift */ = {isa = PBXFileReference; lastKnownFileType = sourcecode.swift; path = FirstAppUITests.swift; sourceTree = "<group>"; };
		E9BB1FD21E5A0BFB00F1F319 /* Info.plist */ = {isa = PBXFileReference; lastKnownFileType = text.plist.xml; path = Info.plist; sourceTree = "<group>"; };
/* End PBXFileReference section */

/* Begin PBXFrameworksBuildPhase section */
		E9BB1FAA1E5A0BD500F1F319 /* Frameworks */ = {
			isa = PBXFrameworksBuildPhase;
			buildActionMask = 2147483647;
			files = (
			);
			runOnlyForDeploymentPostprocessing = 0;
		};
		E9BB1FBE1E5A0BF900F1F319 /* Frameworks */ = {
			isa = PBXFrameworksBuildPhase;
			buildActionMask = 2147483647;
			files = (
			);
			runOnlyForDeploymentPostprocessing = 0;
		};
		E9BB1FC91E5A0BFB00F1F319 /* Frameworks */ = {
			isa = PBXFrameworksBuildPhase;
			buildActionMask = 2147483647;
			files = (
			);
			runOnlyForDeploymentPostprocessing = 0;
		};
/* End PBXFrameworksBuildPhase section */

/* Begin PBXGroup section */
		E9BB1FA41E5A0BCA00F1F319 = {
			isa = PBXGroup;
			children = (
				E9BB1FAF1E5A0BEF00F1F319 /* FirstApp */,
				E9BB1FC41E5A0BFA00F1F319 /* FirstAppTests */,
				E9BB1FCF1E5A0BFB00F1F319 /* FirstAppUITests */,
				E9BB1FAE1E5A0BEF00F1F319 /* Products */,
			);
			sourceTree = "<group>";
		};
		E9BB1FAE1E5A0BEF00F1F319 /* Products */ = {
			isa = PBXGroup;
			children = (
				E9BB1FAD1E5A0BEF00F1F319 /* FirstApp.app */,
				E9BB1FC11E5A0BFA00F1F319 /* FirstAppTests.xctest */,
				E9BB1FCC1E5A0BFB00F1F319 /* FirstAppUITests.xctest */,
			);
			name = Products;
			sourceTree = "<group>";
		};
		E9BB1FAF1E5A0BEF00F1F319 /* FirstApp */ = {
			isa = PBXGroup;
			children = (
				E9BB1FB01E5A0BF000F1F319 /* AppDelegate.swift */,
				E9BB1FB21E5A0BF000F1F319 /* ViewController.swift */,
				E9BB1FB41E5A0BF200F1F319 /* Main.storyboard */,
				E9BB1FB71E5A0BF500F1F319 /* Assets.xcassets */,
				E9BB1FB91E5A0BF500F1F319 /* LaunchScreen.storyboard */,
				E9BB1FBC1E5A0BF600F1F319 /* Info.plist */,
			);
			path = FirstApp;
			sourceTree = "<group>";
		};
		E9BB1FC41E5A0BFA00F1F319 /* FirstAppTests */ = {
			isa = PBXGroup;
			children = (
				E9BB1FC51E5A0BFB00F1F319 /* FirstAppTests.swift */,
				E9BB1FC71E5A0BFB00F1F319 /* Info.plist */,
			);
			path = FirstAppTests;
			sourceTree = "<group>";
		};
		E9BB1FCF1E5A0BFB00F1F319 /* FirstAppUITests */ = {
			isa = PBXGroup;
			children = (
				E9BB1FD01E5A0BFB00F1F319 /* FirstAppUITests.swift */,
				E9BB1FD21E5A0BFB00F1F319 /* Info.plist */,
			);
			path = FirstAppUITests;
			sourceTree = "<group>";
		};
/* End PBXGroup section */

/* Begin PBXNativeTarget section */
		E9BB1FAC1E5A0BD500F1F319 /* FirstApp */ = {
			isa = PBXNativeTarget;
			buildConfigurationList = E9BB1FD51E5A0BFB00F1F319 /* Build configuration list for PBXNativeTarget "FirstApp" */;
			buildPhases = (
				E9BB1FA91E5A0BD500F1F319 /* Sources */,
				E9BB1FAA1E5A0BD500F1F319 /* Frameworks */,
				E9BB1FAB1E5A0BD500F1F319 /* Resources */,
			);
			buildRules = (
			);
			dependencies = (
			);
			name = FirstApp;
			productName = FirstApp;
			productReference = E9BB1FAD1E5A0BEF00F1F319 /* FirstApp.app */;
			productType = "com.apple.product-type.application";
		};
		E9BB1FC01E5A0BF900F1F319 /* FirstAppTests */ = {
			isa = PBXNativeTarget;
			buildConfigurationList = E9BB1FD81E5A0BFB00F1F319 /* Build configuration list for PBXNativeTarget "FirstAppTests" */;
			buildPhases = (
				E9BB1FBD1E5A0BF900F1F319 /* Sources */,
				E9BB1FBE1E5A0BF900F1F319 /* Frameworks */,
				E9BB1FBF1E5A0BF900F1F319 /* Resources */,
			);
			buildRules = (
			);
			dependencies = (
				E9BB1FC31E5A0BFA00F1F319 /* PBXTargetDependency */,
			);
			name = FirstAppTests;
			productName = FirstAppTests;
			productReference = E9BB1FC11E5A0BFA00F1F319 /* FirstAppTests.xctest */;
			productType = "com.apple.product-type.bundle.unit-test";
		};
		E9BB1FCB1E5A0BFB00F1F319 /* FirstAppUITests */ = {
			isa = PBXNativeTarget;
			buildConfigurationList = E9BB1FDB1E5A0BFB00F1F319 /* Build configuration list for PBXNativeTarget "FirstAppUITests" */;
			buildPhases = (
				E9BB1FC81E5A0BFB00F1F319 /* Sources */,
				E9BB1FC91E5A0BFB00F1F319 /* Frameworks */,
				E9BB1FCA1E5A0BFB00F1F319 /* Resources */,
			);
			buildRules = (
			);
			dependencies = (
				E9BB1FCE1E5A0BFB00F1F319 /* PBXTargetDependency */,
			);
			name = FirstAppUITests;
			productName = FirstAppUITests;
			productReference = E9BB1FCC1E5A0BFB00F1F319 /* FirstAppUITests.xctest */;
			productType = "com.apple.product-type.bundle.ui-testing";
		};
/* End PBXNativeTarget section */

/* Begin PBXProject section */
		E9BB1FA51E5A0BCF00F1F319 /* Project object */ = {
			isa = PBXProject;
			attributes = {
				LastSwiftUpdateCheck = 0820;
				LastUpgradeCheck = 0820;
				ORGANIZATIONNAME = AppsLab;
				TargetAttributes = {
					E9BB1FAC1E5A0BD500F1F319 = {
						CreatedOnToolsVersion = 8.2.1;
						DevelopmentTeam = 5H4STJG8TB;
						ProvisioningStyle = Automatic;
					};
					E9BB1FC01E5A0BF900F1F319 = {
						CreatedOnToolsVersion = 8.2.1;
						ProvisioningStyle = Automatic;
						TestTargetID = E9BB1FAC1E5A0BD500F1F319;
					};
					E9BB1FCB1E5A0BFB00F1F319 = {
						CreatedOnToolsVersion = 8.2.1;
						ProvisioningStyle = Automatic;
						TestTargetID = E9BB1FAC1E5A0BD500F1F319;
					};
				};
			};
			buildConfigurationList = E9BB1FA81E5A0BD200F1F319 /* Build configuration list for PBXProject "FirstApp" */;
			compatibilityVersion = "Xcode 3.2";
			developmentRegion = English;
			hasScannedForEncodings = 0;
			knownRegions = (
				en,
				Base,
			);
			mainGroup = E9BB1FA41E5A0BCA00F1F319;
			productRefGroup = E9BB1FAE1E5A0BEF00F1F319 /* Products */;
			projectDirPath = "";
			projectRoot = "";
			targets = (
				E9BB1FAC1E5A0BD500F1F319 /* FirstApp */,
				E9BB1FC01E5A0BF900F1F319 /* FirstAppTests */,
				E9BB1FCB1E5A0BFB00F1F319 /* FirstAppUITests */,
			);
		};
/* End PBXProject section */

/* Begin PBXResourcesBuildPhase section */
		E9BB1FAB1E5A0BD500F1F319 /* Resources */ = {
			isa = PBXResourcesBuildPhase;
			buildActionMask = 2147483647;
			files = (
				E9BB1FBB1E5A0BF500F1F319 /* LaunchScreen.storyboard in Resources */,
				E9BB1FB81E5A0BF500F1F319 /* Assets.xcassets in Resources */,
				E9BB1FB61E5A0BF200F1F319 /* Main.storyboard in Resources */,
			);
			runOnlyForDeploymentPostprocessing = 0;
		};
		E9BB1FBF1E5A0BF900F1F319 /* Resources */ = {
			isa = PBXResourcesBuildPhase;
			buildActionMask = 2147483647;
			files = (
			);
			runOnlyForDeploymentPostprocessing = 0;
		};
		E9BB1FCA1E5A0BFB00F1F319 /* Resources */ = {
			isa = PBXResourcesBuildPhase;
			buildActionMask = 2147483647;
			files = (
			);
			runOnlyForDeploymentPostprocessing = 0;
		};
/* End PBXResourcesBuildPhase section */

/* Begin PBXSourcesBuildPhase section */
		E9BB1FA91E5A0BD500F1F319 /* Sources */ = {
			isa = PBXSourcesBuildPhase;
			buildActionMask = 2147483647;
			files = (
				E9BB1FB31E5A0BF000F1F319 /* ViewController.swift in Sources */,
				E9BB1FB11E5A0BF000F1F319 /* AppDelegate.swift in Sources */,
			);
			runOnlyForDeploymentPostprocessing = 0;
		};
		E9BB1FBD1E5A0BF900F1F319 /* Sources */ = {
			isa = PBXSourcesBuildPhase;
			buildActionMask = 2147483647;
			files = (
				E9BB1FC61E5A0BFB00F1F319 /* FirstAppTests.swift in Sources */,
			);
			runOnlyForDeploymentPostprocessing = 0;
		};
		E9BB1FC81E5A0BFB00F1F319 /* Sources */ = {
			isa = PBXSourcesBuildPhase;
			buildActionMask = 2147483647;
			files = (
				E9BB1FD11E5A0BFB00F1F319 /* FirstAppUITests.swift in Sources */,
			);
			runOnlyForDeploymentPostprocessing = 0;
		};
/* End PBXSourcesBuildPhase section */

/* Begin PBXTargetDependency section */
		E9BB1FC31E5A0BFA00F1F319 /* PBXTargetDependency */ = {
			isa = PBXTargetDependency;
			target = E9BB1FAC1E5A0BD500F1F319 /* FirstApp */;
			targetProxy = E9BB1FC21E5A0BFA00F1F319 /* PBXContainerItemProxy */;
		};
		E9BB1FCE1E5A0BFB00F1F319 /* PBXTargetDependency */ = {
			isa = PBXTargetDependency;
			target = E9BB1FAC1E5A0BD500F1F319 /* FirstApp */;
			targetProxy = E9BB1FCD1E5A0BFB00F1F319 /* PBXContainerItemProxy */;
		};
/* End PBXTargetDependency section */

/* Begin PBXVariantGroup section */
		E9BB1FB41E5A0BF200F1F319 /* Main.storyboard */ = {
			isa = PBXVariantGroup;
			children = (
				E9BB1FB51E5A0BF200F1F319 /* Base */,
			);
			name = Main.storyboard;
			sourceTree = "<group>";
		};
		E9BB1FB91E5A0BF500F1F319 /* LaunchScreen.storyboard */ = {
			isa = PBXVariantGroup;
			children = (
				E9BB1FBA1E5A0BF500F1F319 /* Base */,
			);
			name = LaunchScreen.storyboard;
			sourceTree = "<group>";
		};
/* End PBXVariantGroup section */

/* Begin XCBuildConfiguration section */
		E9BB1FD31E5A0BFB00F1F319 /* Debug */ = {
			isa = XCBuildConfiguration;
			buildSettings = {
				ALWAYS_SEARCH_USER_PATHS = NO;
				CLANG_ANALYZER_NONNULL = YES;
				CLANG_CXX_LANGUAGE_STANDARD = "gnu++0x";
				CLANG_CXX_LIBRARY = "libc++";
				CLANG_ENABLE_MODULES = YES;
				CLANG_ENABLE_OBJC_ARC = YES;
				CLANG_WARN_BOOL_CONVERSION = YES;
				CLANG_WARN_CONSTANT_CONVERSION = YES;
				CLANG_WARN_DIRECT_OBJC_ISA_USAGE = YES_ERROR;
				CLANG_WARN_DOCUMENTATION_COMMENTS = YES;
				CLANG_WARN_EMPTY_BODY = YES;
				CLANG_WARN_ENUM_CONVERSION = YES;
				CLANG_WARN_INFINITE_RECURSION = YES;
				CLANG_WARN_INT_CONVERSION = YES;
				CLANG_WARN_OBJC_ROOT_CLASS = YES_ERROR;
				CLANG_WARN_SUSPICIOUS_MOVE = YES;
				CLANG_WARN_UNREACHABLE_CODE = YES;
				CLANG_WARN__DUPLICATE_METHOD_MATCH = YES;
				"CODE_SIGN_IDENTITY[sdk=iphoneos*]" = "iPhone Developer";
				COPY_PHASE_STRIP = NO;
				DEBUG_INFORMATION_FORMAT = dwarf;
				ENABLE_STRICT_OBJC_MSGSEND = YES;
				ENABLE_TESTABILITY = YES;
				GCC_C_LANGUAGE_STANDARD = gnu99;
				GCC_DYNAMIC_NO_PIC = NO;
				GCC_NO_COMMON_BLOCKS = YES;
				GCC_OPTIMIZATION_LEVEL = 0;
				GCC_PREPROCESSOR_DEFINITIONS = (
					"DEBUG=1",
					"$(inherited)",
				);
				GCC_WARN_64_TO_32_BIT_CONVERSION = YES;
				GCC_WARN_ABOUT_RETURN_TYPE = YES_ERROR;
				GCC_WARN_UNDECLARED_SELECTOR = YES;
				GCC_WARN_UNINITIALIZED_AUTOS = YES_AGGRESSIVE;
				GCC_WARN_UNUSED_FUNCTION = YES;
				GCC_WARN_UNUSED_VARIABLE = YES;
				IPHONEOS_DEPLOYMENT_TARGET = 10.2;
				MTL_ENABLE_DEBUG_INFO = YES;
				ONLY_ACTIVE_ARCH = YES;
				SDKROOT = iphoneos;
				SWIFT_ACTIVE_COMPILATION_CONDITIONS = DEBUG;
				SWIFT_OPTIMIZATION_LEVEL = "-Onone";
			};
			name = Debug;
		};
		E9BB1FD41E5A0BFB00F1F319 /* Release */ = {
			isa = XCBuildConfiguration;
			buildSettings = {
				ALWAYS_SEARCH_USER_PATHS = NO;
				CLANG_ANALYZER_NONNULL = YES;
				CLANG_CXX_LANGUAGE_STANDARD = "gnu++0x";
				CLANG_CXX_LIBRARY = "libc++";
				CLANG_ENABLE_MODULES = YES;
				CLANG_ENABLE_OBJC_ARC = YES;
				CLANG_WARN_BOOL_CONVERSION = YES;
				CLANG_WARN_CONSTANT_CONVERSION = YES;
				CLANG_WARN_DIRECT_OBJC_ISA_USAGE = YES_ERROR;
				CLANG_WARN_DOCUMENTATION_COMMENTS = YES;
				CLANG_WARN_EMPTY_BODY = YES;
				CLANG_WARN_ENUM_CONVERSION = YES;
				CLANG_WARN_INFINITE_RECURSION = YES;
				CLANG_WARN_INT_CONVERSION = YES;
				CLANG_WARN_OBJC_ROOT_CLASS = YES_ERROR;
				CLANG_WARN_SUSPICIOUS_MOVE = YES;
				CLANG_WARN_UNREACHABLE_CODE = YES;
				CLANG_WARN__DUPLICATE_METHOD_MATCH = YES;
				"CODE_SIGN_IDENTITY[sdk=iphoneos*]" = "iPhone Developer";
				COPY_PHASE_STRIP = NO;
				DEBUG_INFORMATION_FORMAT = "dwarf-with-dsym";
				ENABLE_NS_ASSERTIONS = NO;
				ENABLE_STRICT_OBJC_MSGSEND = YES;
				GCC_C_LANGUAGE_STANDARD = gnu99;
				GCC_NO_COMMON_BLOCKS = YES;
				GCC_WARN_64_TO_32_BIT_CONVERSION = YES;
				GCC_WARN_ABOUT_RETURN_TYPE = YES_ERROR;
				GCC_WARN_UNDECLARED_SELECTOR = YES;
				GCC_WARN_UNINITIALIZED_AUTOS = YES_AGGRESSIVE;
				GCC_WARN_UNUSED_FUNCTION = YES;
				GCC_WARN_UNUSED_VARIABLE = YES;
				IPHONEOS_DEPLOYMENT_TARGET = 10.2;
				MTL_ENABLE_DEBUG_INFO = NO;
				SDKROOT = iphoneos;
				SWIFT_OPTIMIZATION_LEVEL = "-Owholemodule";
				VALIDATE_PRODUCT = YES;
			};
			name = Release;
		};
		E9BB1FD61E5A0BFB00F1F319 /* Debug */ = {
			isa = XCBuildConfiguration;
			buildSettings = {
				ASSETCATALOG_COMPILER_APPICON_NAME = AppIcon;
				DEVELOPMENT_TEAM = 5H4STJG8TB;
				INFOPLIST_FILE = FirstApp/Info.plist;
				IPHONEOS_DEPLOYMENT_TARGET = 9.1;
				LD_RUNPATH_SEARCH_PATHS = "$(inherited) @executable_path/Frameworks";
				PRODUCT_BUNDLE_IDENTIFIER = AL.FirstApp;
				PRODUCT_NAME = "$(TARGET_NAME)";
				SWIFT_VERSION = 3.0;
				TARGETED_DEVICE_FAMILY = 1;
			};
			name = Debug;
		};
		E9BB1FD71E5A0BFB00F1F319 /* Release */ = {
			isa = XCBuildConfiguration;
			buildSettings = {
				ASSETCATALOG_COMPILER_APPICON_NAME = AppIcon;
				DEVELOPMENT_TEAM = 5H4STJG8TB;
				INFOPLIST_FILE = FirstApp/Info.plist;
				IPHONEOS_DEPLOYMENT_TARGET = 9.1;
				LD_RUNPATH_SEARCH_PATHS = "$(inherited) @executable_path/Frameworks";
				PRODUCT_BUNDLE_IDENTIFIER = AL.FirstApp;
				PRODUCT_NAME = "$(TARGET_NAME)";
				SWIFT_VERSION = 3.0;
				TARGETED_DEVICE_FAMILY = 1;
			};
			name = Release;
		};
		E9BB1FD91E5A0BFB00F1F319 /* Debug */ = {
			isa = XCBuildConfiguration;
			buildSettings = {
				ALWAYS_EMBED_SWIFT_STANDARD_LIBRARIES = YES;
				BUNDLE_LOADER = "$(TEST_HOST)";
				INFOPLIST_FILE = FirstAppTests/Info.plist;
				LD_RUNPATH_SEARCH_PATHS = "$(inherited) @executable_path/Frameworks @loader_path/Frameworks";
				PRODUCT_BUNDLE_IDENTIFIER = AL.FirstAppTests;
				PRODUCT_NAME = "$(TARGET_NAME)";
				SWIFT_VERSION = 3.0;
				TEST_HOST = "$(BUILT_PRODUCTS_DIR)/FirstApp.app/FirstApp";
			};
			name = Debug;
		};
		E9BB1FDA1E5A0BFB00F1F319 /* Release */ = {
			isa = XCBuildConfiguration;
			buildSettings = {
				ALWAYS_EMBED_SWIFT_STANDARD_LIBRARIES = YES;
				BUNDLE_LOADER = "$(TEST_HOST)";
				INFOPLIST_FILE = FirstAppTests/Info.plist;
				LD_RUNPATH_SEARCH_PATHS = "$(inherited) @executable_path/Frameworks @loader_path/Frameworks";
				PRODUCT_BUNDLE_IDENTIFIER = AL.FirstAppTests;
				PRODUCT_NAME = "$(TARGET_NAME)";
				SWIFT_VERSION = 3.0;
				TEST_HOST = "$(BUILT_PRODUCTS_DIR)/FirstApp.app/FirstApp";
			};
			name = Release;
		};
		E9BB1FDC1E5A0BFB00F1F319 /* Debug */ = {
			isa = XCBuildConfiguration;
			buildSettings = {
				ALWAYS_EMBED_SWIFT_STANDARD_LIBRARIES = YES;
				INFOPLIST_FILE = FirstAppUITests/Info.plist;
				LD_RUNPATH_SEARCH_PATHS = "$(inherited) @executable_path/Frameworks @loader_path/Frameworks";
				PRODUCT_BUNDLE_IDENTIFIER = AL.FirstAppUITests;
				PRODUCT_NAME = "$(TARGET_NAME)";
				SWIFT_VERSION = 3.0;
				TEST_TARGET_NAME = FirstApp;
			};
			name = Debug;
		};
		E9BB1FDD1E5A0BFB00F1F319 /* Release */ = {
			isa = XCBuildConfiguration;
			buildSettings = {
				ALWAYS_EMBED_SWIFT_STANDARD_LIBRARIES = YES;
				INFOPLIST_FILE = FirstAppUITests/Info.plist;
				LD_RUNPATH_SEARCH_PATHS = "$(inherited) @executable_path/Frameworks @loader_path/Frameworks";
				PRODUCT_BUNDLE_IDENTIFIER = AL.FirstAppUITests;
				PRODUCT_NAME = "$(TARGET_NAME)";
				SWIFT_VERSION = 3.0;
				TEST_TARGET_NAME = FirstApp;
			};
			name = Release;
		};
/* End XCBuildConfiguration section */

/* Begin XCConfigurationList section */
		E9BB1FA81E5A0BD200F1F319 /* Build configuration list for PBXProject "FirstApp" */ = {
			isa = XCConfigurationList;
			buildConfigurations = (
				E9BB1FD31E5A0BFB00F1F319 /* Debug */,
				E9BB1FD41E5A0BFB00F1F319 /* Release */,
			);
			defaultConfigurationIsVisible = 0;
			defaultConfigurationName = Release;
		};
		E9BB1FD51E5A0BFB00F1F319 /* Build configuration list for PBXNativeTarget "FirstApp" */ = {
			isa = XCConfigurationList;
			buildConfigurations = (
				E9BB1FD61E5A0BFB00F1F319 /* Debug */,
				E9BB1FD71E5A0BFB00F1F319 /* Release */,
			);
			defaultConfigurationIsVisible = 0;
		};
		E9BB1FD81E5A0BFB00F1F319 /* Build configuration list for PBXNativeTarget "FirstAppTests" */ = {
			isa = XCConfigurationList;
			buildConfigurations = (
				E9BB1FD91E5A0BFB00F1F319 /* Debug */,
				E9BB1FDA1E5A0BFB00F1F319 /* Release */,
			);
			defaultConfigurationIsVisible = 0;
		};
		E9BB1FDB1E5A0BFB00F1F319 /* Build configuration list for PBXNativeTarget "FirstAppUITests" */ = {
			isa = XCConfigurationList;
			buildConfigurations = (
				E9BB1FDC1E5A0BFB00F1F319 /* Debug */,
				E9BB1FDD1E5A0BFB00F1F319 /* Release */,
			);
			defaultConfigurationIsVisible = 0;
		};
/* End XCConfigurationList section */
	};
	rootObject = E9BB1FA51E5A0BCF00F1F319 /* Project object */;
}
